
Microsoft Visual Studio Solution File, Format Version 12.00
# Visual Studio Version 17
VisualStudioVersion = 17.10.34928.147
MinimumVisualStudioVersion = 10.0.40219.1
Project("{FAE04EC0-301F-11D3-BF4B-00C04F79EFBC}") = "TriangelTypeIdentifier", "TriangelTypeIdentifier\TriangelTypeIdentifier.csproj", "{23EE9098-5F18-4030-8855-7ADB8B56A546}"
EndProject
Global
	GlobalSection(SolutionConfigurationPlatforms) = preSolution
		Debug|Any CPU = Debug|Any CPU
		Release|Any CPU = Release|Any CPU
	EndGlobalSection
	GlobalSection(ProjectConfigurationPlatforms) = postSolution
		{23EE9098-5F18-4030-8855-7ADB8B56A546}.Debug|Any CPU.ActiveCfg = Debug|Any CPU
		{23EE9098-5F18-4030-8855-7ADB8B56A546}.Debug|Any CPU.Build.0 = Debug|Any CPU
		{23EE9098-5F18-4030-8855-7ADB8B56A546}.Release|Any CPU.ActiveCfg = Release|Any CPU
		{23EE9098-5F18-4030-8855-7ADB8B56A546}.Release|Any CPU.Build.0 = Release|Any CPU
	EndGlobalSection
	GlobalSection(SolutionProperties) = preSolution
		HideSolutionNode = FALSE
	EndGlobalSection
	GlobalSection(ExtensibilityGlobals) = postSolution
		SolutionGuid = {19350450-A8FF-4AFF-A326-235656F56C2C}
	EndGlobalSection
EndGlobal
